
Microsoft Visual Studio Solution File, Format Version 12.00
# Visual Studio Version 17
VisualStudioVersion = 17.7.34018.315
MinimumVisualStudioVersion = 10.0.40219.1
Project("{FAE04EC0-301F-11D3-BF4B-00C04F79EFBC}") = "BTTLLAP4", "BTTLLAP4.csproj", "{6B69BD10-90F7-45EE-A290-E0C741F31C23}"
EndProject
Global
	GlobalSection(SolutionConfigurationPlatforms) = preSolution
		Debug|Any CPU = Debug|Any CPU
		Release|Any CPU = Release|Any CPU
	EndGlobalSection
	GlobalSection(ProjectConfigurationPlatforms) = postSolution
		{6B69BD10-90F7-45EE-A290-E0C741F31C23}.Debug|Any CPU.ActiveCfg = Debug|Any CPU
		{6B69BD10-90F7-45EE-A290-E0C741F31C23}.Debug|Any CPU.Build.0 = Debug|Any CPU
		{6B69BD10-90F7-45EE-A290-E0C741F31C23}.Release|Any CPU.ActiveCfg = Release|Any CPU
		{6B69BD10-90F7-45EE-A290-E0C741F31C23}.Release|Any CPU.Build.0 = Release|Any CPU
	EndGlobalSection
	GlobalSection(SolutionProperties) = preSolution
		HideSolutionNode = FALSE
	EndGlobalSection
	GlobalSection(ExtensibilityGlobals) = postSolution
		SolutionGuid = {AC3AF27A-F3FE-403B-8AE9-9BDFC731F8A6}
	EndGlobalSection
EndGlobal
