
Microsoft Visual Studio Solution File, Format Version 12.00
# Visual Studio Version 17
VisualStudioVersion = 17.7.34018.315
MinimumVisualStudioVersion = 10.0.40219.1
Project("{FAE04EC0-301F-11D3-BF4B-00C04F79EFBC}") = "Lesson06", "Lesson06.csproj", "{8D86C9F1-F41B-4820-90D8-C8EE02B81F32}"
EndProject
Global
	GlobalSection(SolutionConfigurationPlatforms) = preSolution
		Debug|Any CPU = Debug|Any CPU
		Release|Any CPU = Release|Any CPU
	EndGlobalSection
	GlobalSection(ProjectConfigurationPlatforms) = postSolution
		{8D86C9F1-F41B-4820-90D8-C8EE02B81F32}.Debug|Any CPU.ActiveCfg = Debug|Any CPU
		{8D86C9F1-F41B-4820-90D8-C8EE02B81F32}.Debug|Any CPU.Build.0 = Debug|Any CPU
		{8D86C9F1-F41B-4820-90D8-C8EE02B81F32}.Release|Any CPU.ActiveCfg = Release|Any CPU
		{8D86C9F1-F41B-4820-90D8-C8EE02B81F32}.Release|Any CPU.Build.0 = Release|Any CPU
	EndGlobalSection
	GlobalSection(SolutionProperties) = preSolution
		HideSolutionNode = FALSE
	EndGlobalSection
	GlobalSection(ExtensibilityGlobals) = postSolution
		SolutionGuid = {5AE92604-5AD8-4C41-AFB7-93AC35B9E43F}
	EndGlobalSection
EndGlobal
