
Microsoft Visual Studio Solution File, Format Version 12.00
# Visual Studio Version 17
VisualStudioVersion = 17.7.34018.315
MinimumVisualStudioVersion = 10.0.40219.1
Project("{FAE04EC0-301F-11D3-BF4B-00C04F79EFBC}") = "Lesson06.TheoryDF7", "Lesson06.TheoryDF7.csproj", "{1195329B-115D-4CB2-A6B6-8E5269DCB850}"
EndProject
Global
	GlobalSection(SolutionConfigurationPlatforms) = preSolution
		Debug|Any CPU = Debug|Any CPU
		Release|Any CPU = Release|Any CPU
	EndGlobalSection
	GlobalSection(ProjectConfigurationPlatforms) = postSolution
		{1195329B-115D-4CB2-A6B6-8E5269DCB850}.Debug|Any CPU.ActiveCfg = Debug|Any CPU
		{1195329B-115D-4CB2-A6B6-8E5269DCB850}.Debug|Any CPU.Build.0 = Debug|Any CPU
		{1195329B-115D-4CB2-A6B6-8E5269DCB850}.Release|Any CPU.ActiveCfg = Release|Any CPU
		{1195329B-115D-4CB2-A6B6-8E5269DCB850}.Release|Any CPU.Build.0 = Release|Any CPU
	EndGlobalSection
	GlobalSection(SolutionProperties) = preSolution
		HideSolutionNode = FALSE
	EndGlobalSection
	GlobalSection(ExtensibilityGlobals) = postSolution
		SolutionGuid = {4FACDD60-B573-41AE-9CBB-0186B04165EC}
	EndGlobalSection
EndGlobal
